
Microsoft Visual Studio Solution File, Format Version 12.00
Project("{FAE04EC0-301F-11D3-BF4B-00C04F79EFBC}") = "SofaStream.Domain", "SofaStream.Domain\SofaStream.Domain.csproj", "{C7695109-CDB1-4CE5-806B-4D757DCB01F6}"
EndProject
Project("{FAE04EC0-301F-11D3-BF4B-00C04F79EFBC}") = "SofaStream.Application", "SofaStream.Application\SofaStream.Application.csproj", "{A4C76388-BA42-4761-B10B-BB12B01CE6F7}"
EndProject
Project("{FAE04EC0-301F-11D3-BF4B-00C04F79EFBC}") = "SofaStream.Infrastructure", "SofaStream.Infrastructure\SofaStream.Infrastructure.csproj", "{6EB6775C-AA3C-420A-87ED-E1524F863440}"
EndProject
Project("{FAE04EC0-301F-11D3-BF4B-00C04F79EFBC}") = "SofaStream.Api", "SofaStream.Api\SofaStream.Api.csproj", "{78503B43-BFB8-4201-A4F5-21C5CD39095A}"
EndProject
Global
	GlobalSection(SolutionConfigurationPlatforms) = preSolution
		Debug|Any CPU = Debug|Any CPU
		Release|Any CPU = Release|Any CPU
	EndGlobalSection
	GlobalSection(ProjectConfigurationPlatforms) = postSolution
		{C7695109-CDB1-4CE5-806B-4D757DCB01F6}.Debug|Any CPU.ActiveCfg = Debug|Any CPU
		{C7695109-CDB1-4CE5-806B-4D757DCB01F6}.Debug|Any CPU.Build.0 = Debug|Any CPU
		{C7695109-CDB1-4CE5-806B-4D757DCB01F6}.Release|Any CPU.ActiveCfg = Release|Any CPU
		{C7695109-CDB1-4CE5-806B-4D757DCB01F6}.Release|Any CPU.Build.0 = Release|Any CPU
		{A4C76388-BA42-4761-B10B-BB12B01CE6F7}.Debug|Any CPU.ActiveCfg = Debug|Any CPU
		{A4C76388-BA42-4761-B10B-BB12B01CE6F7}.Debug|Any CPU.Build.0 = Debug|Any CPU
		{A4C76388-BA42-4761-B10B-BB12B01CE6F7}.Release|Any CPU.ActiveCfg = Release|Any CPU
		{A4C76388-BA42-4761-B10B-BB12B01CE6F7}.Release|Any CPU.Build.0 = Release|Any CPU
		{6EB6775C-AA3C-420A-87ED-E1524F863440}.Debug|Any CPU.ActiveCfg = Debug|Any CPU
		{6EB6775C-AA3C-420A-87ED-E1524F863440}.Debug|Any CPU.Build.0 = Debug|Any CPU
		{6EB6775C-AA3C-420A-87ED-E1524F863440}.Release|Any CPU.ActiveCfg = Release|Any CPU
		{6EB6775C-AA3C-420A-87ED-E1524F863440}.Release|Any CPU.Build.0 = Release|Any CPU
		{78503B43-BFB8-4201-A4F5-21C5CD39095A}.Debug|Any CPU.ActiveCfg = Debug|Any CPU
		{78503B43-BFB8-4201-A4F5-21C5CD39095A}.Debug|Any CPU.Build.0 = Debug|Any CPU
		{78503B43-BFB8-4201-A4F5-21C5CD39095A}.Release|Any CPU.ActiveCfg = Release|Any CPU
		{78503B43-BFB8-4201-A4F5-21C5CD39095A}.Release|Any CPU.Build.0 = Release|Any CPU
	EndGlobalSection
EndGlobal
